// !$*UTF8*$!
{
	archiveVersion = 1;
	classes = {
	};
	objectVersion = 46;
	objects = {

/* Begin PBXBuildFile section */
		2669EA0055225C8EB597469C /* Pods_ContentBlocker.framework in Frameworks */ = {isa = PBXBuildFile; fileRef = 45CBD8B4C0551A702A56F50E /* Pods_ContentBlocker.framework */; };
		32FC3F6C3D1A2B280D960ABA /* Pods_OpenAdblockTests.framework in Frameworks */ = {isa = PBXBuildFile; fileRef = 59998B7C2AB6B94E681FE06C /* Pods_OpenAdblockTests.framework */; };
		497647A61DAC0914002F465B /* OABGestaltFixer.m in Sources */ = {isa = PBXBuildFile; fileRef = 497647A51DAC0914002F465B /* OABGestaltFixer.m */; };
		4977C10A1D42A34D00F57593 /* AppDelegate.swift in Sources */ = {isa = PBXBuildFile; fileRef = 4977C1091D42A34D00F57593 /* AppDelegate.swift */; };
		4977C10C1D42A34D00F57593 /* ViewController.swift in Sources */ = {isa = PBXBuildFile; fileRef = 4977C10B1D42A34D00F57593 /* ViewController.swift */; };
		4977C10F1D42A34D00F57593 /* Main.storyboard in Resources */ = {isa = PBXBuildFile; fileRef = 4977C10D1D42A34D00F57593 /* Main.storyboard */; };
		4977C1111D42A36F00F57593 /* Assets.xcassets in Resources */ = {isa = PBXBuildFile; fileRef = 4977C1101D42A36F00F57593 /* Assets.xcassets */; };
		4977C1141D42A36F00F57593 /* LaunchScreen.storyboard in Resources */ = {isa = PBXBuildFile; fileRef = 4977C1121D42A36F00F57593 /* LaunchScreen.storyboard */; };
		4977C11F1D42A37000F57593 /* OpenAdblockTests.swift in Sources */ = {isa = PBXBuildFile; fileRef = 4977C11E1D42A37000F57593 /* OpenAdblockTests.swift */; };
		4977C12A1D42A37000F57593 /* OpenAdblockUITests.swift in Sources */ = {isa = PBXBuildFile; fileRef = 4977C1291D42A37000F57593 /* OpenAdblockUITests.swift */; };
		4977C13E1D42A3F400F57593 /* blockerList.json in Resources */ = {isa = PBXBuildFile; fileRef = 4977C13D1D42A3F400F57593 /* blockerList.json */; };
		4977C1401D42A3F400F57593 /* ContentBlockerRequestHandler.swift in Sources */ = {isa = PBXBuildFile; fileRef = 4977C13F1D42A3F400F57593 /* ContentBlockerRequestHandler.swift */; };
		4977C1441D42A3F400F57593 /* ContentBlocker.appex in Embed App Extensions */ = {isa = PBXBuildFile; fileRef = 4977C13B1D42A3F400F57593 /* ContentBlocker.appex */; settings = {ATTRIBUTES = (RemoveHeadersOnCopy, ); }; };
		6B96A2C71EFEEE2BE469996A /* Pods_OpenAdblock.framework in Frameworks */ = {isa = PBXBuildFile; fileRef = D8884FA0836F38D75874D973 /* Pods_OpenAdblock.framework */; };
		FD10DF22677B84EAC9994A0B /* Pods_OpenAdblockUITests.framework in Frameworks */ = {isa = PBXBuildFile; fileRef = 0A75D7744D390EAE1854EF88 /* Pods_OpenAdblockUITests.framework */; };
/* End PBXBuildFile section */

/* Begin PBXContainerItemProxy section */
		4977C11B1D42A37000F57593 /* PBXContainerItemProxy */ = {
			isa = PBXContainerItemProxy;
			containerPortal = 4977C0FE1D42A34D00F57593 /* Project object */;
			proxyType = 1;
			remoteGlobalIDString = 4977C1051D42A34D00F57593;
			remoteInfo = OpenAdblock;
		};
		4977C1261D42A37000F57593 /* PBXContainerItemProxy */ = {
			isa = PBXContainerItemProxy;
			containerPortal = 4977C0FE1D42A34D00F57593 /* Project object */;
			proxyType = 1;
			remoteGlobalIDString = 4977C1051D42A34D00F57593;
			remoteInfo = OpenAdblock;
		};
		4977C1421D42A3F400F57593 /* PBXContainerItemProxy */ = {
			isa = PBXContainerItemProxy;
			containerPortal = 4977C0FE1D42A34D00F57593 /* Project object */;
			proxyType = 1;
			remoteGlobalIDString = 4977C13A1D42A3F400F57593;
			remoteInfo = ContentBlocker;
		};
/* End PBXContainerItemProxy section */

/* Begin PBXCopyFilesBuildPhase section */
		4977C1481D42A3F400F57593 /* Embed App Extensions */ = {
			isa = PBXCopyFilesBuildPhase;
			buildActionMask = 2147483647;
			dstPath = "";
			dstSubfolderSpec = 13;
			files = (
				4977C1441D42A3F400F57593 /* ContentBlocker.appex in Embed App Extensions */,
			);
			name = "Embed App Extensions";
			runOnlyForDeploymentPostprocessing = 0;
		};
/* End PBXCopyFilesBuildPhase section */

/* Begin PBXFileReference section */
		0570D24C9D730C857C246E0A /* Pods-OpenAdblockUITests.debug.xcconfig */ = {isa = PBXFileReference; includeInIndex = 1; lastKnownFileType = text.xcconfig; name = "Pods-OpenAdblockUITests.debug.xcconfig"; path = "Pods/Target Support Files/Pods-OpenAdblockUITests/Pods-OpenAdblockUITests.debug.xcconfig"; sourceTree = "<group>"; };
		0A75D7744D390EAE1854EF88 /* Pods_OpenAdblockUITests.framework */ = {isa = PBXFileReference; explicitFileType = wrapper.framework; includeInIndex = 0; path = Pods_OpenAdblockUITests.framework; sourceTree = BUILT_PRODUCTS_DIR; };
		45CBD8B4C0551A702A56F50E /* Pods_ContentBlocker.framework */ = {isa = PBXFileReference; explicitFileType = wrapper.framework; includeInIndex = 0; path = Pods_ContentBlocker.framework; sourceTree = BUILT_PRODUCTS_DIR; };
		47B312A12C153373C5A12151 /* Pods-ContentBlocker.release.xcconfig */ = {isa = PBXFileReference; includeInIndex = 1; lastKnownFileType = text.xcconfig; name = "Pods-ContentBlocker.release.xcconfig"; path = "Pods/Target Support Files/Pods-ContentBlocker/Pods-ContentBlocker.release.xcconfig"; sourceTree = "<group>"; };
		497647A51DAC0914002F465B /* OABGestaltFixer.m */ = {isa = PBXFileReference; fileEncoding = 4; lastKnownFileType = sourcecode.c.objc; path = OABGestaltFixer.m; sourceTree = "<group>"; };
		4977C1061D42A34D00F57593 /* OpenAdblock.app */ = {isa = PBXFileReference; explicitFileType = wrapper.application; includeInIndex = 0; path = OpenAdblock.app; sourceTree = BUILT_PRODUCTS_DIR; };
		4977C1091D42A34D00F57593 /* AppDelegate.swift */ = {isa = PBXFileReference; lastKnownFileType = sourcecode.swift; path = AppDelegate.swift; sourceTree = "<group>"; };
		4977C10B1D42A34D00F57593 /* ViewController.swift */ = {isa = PBXFileReference; lastKnownFileType = sourcecode.swift; path = ViewController.swift; sourceTree = "<group>"; };
		4977C10E1D42A34D00F57593 /* Base */ = {isa = PBXFileReference; lastKnownFileType = file.storyboard; name = Base; path = Base.lproj/Main.storyboard; sourceTree = "<group>"; };
		4977C1101D42A36F00F57593 /* Assets.xcassets */ = {isa = PBXFileReference; lastKnownFileType = folder.assetcatalog; path = Assets.xcassets; sourceTree = "<group>"; };
		4977C1131D42A36F00F57593 /* Base */ = {isa = PBXFileReference; lastKnownFileType = file.storyboard; name = Base; path = Base.lproj/LaunchScreen.storyboard; sourceTree = "<group>"; };
		4977C1151D42A36F00F57593 /* Info.plist */ = {isa = PBXFileReference; lastKnownFileType = text.plist.xml; path = Info.plist; sourceTree = "<group>"; };
		4977C11A1D42A37000F57593 /* OpenAdblockTests.xctest */ = {isa = PBXFileReference; explicitFileType = wrapper.cfbundle; includeInIndex = 0; path = OpenAdblockTests.xctest; sourceTree = BUILT_PRODUCTS_DIR; };
		4977C11E1D42A37000F57593 /* OpenAdblockTests.swift */ = {isa = PBXFileReference; lastKnownFileType = sourcecode.swift; path = OpenAdblockTests.swift; sourceTree = "<group>"; };
		4977C1201D42A37000F57593 /* Info.plist */ = {isa = PBXFileReference; lastKnownFileType = text.plist.xml; path = Info.plist; sourceTree = "<group>"; };
		4977C1251D42A37000F57593 /* OpenAdblockUITests.xctest */ = {isa = PBXFileReference; explicitFileType = wrapper.cfbundle; includeInIndex = 0; path = OpenAdblockUITests.xctest; sourceTree = BUILT_PRODUCTS_DIR; };
		4977C1291D42A37000F57593 /* OpenAdblockUITests.swift */ = {isa = PBXFileReference; lastKnownFileType = sourcecode.swift; path = OpenAdblockUITests.swift; sourceTree = "<group>"; };
		4977C12B1D42A37000F57593 /* Info.plist */ = {isa = PBXFileReference; lastKnownFileType = text.plist.xml; path = Info.plist; sourceTree = "<group>"; };
		4977C13B1D42A3F400F57593 /* ContentBlocker.appex */ = {isa = PBXFileReference; explicitFileType = "wrapper.app-extension"; includeInIndex = 0; path = ContentBlocker.appex; sourceTree = BUILT_PRODUCTS_DIR; };
		4977C13D1D42A3F400F57593 /* blockerList.json */ = {isa = PBXFileReference; lastKnownFileType = text.json; path = blockerList.json; sourceTree = "<group>"; };
		4977C13F1D42A3F400F57593 /* ContentBlockerRequestHandler.swift */ = {isa = PBXFileReference; lastKnownFileType = sourcecode.swift; path = ContentBlockerRequestHandler.swift; sourceTree = "<group>"; };
		4977C1411D42A3F400F57593 /* Info.plist */ = {isa = PBXFileReference; lastKnownFileType = text.plist.xml; path = Info.plist; sourceTree = "<group>"; };
		49DEEE331D42B0DE00D6C687 /* OpenAdblock-Bridging-Header.h */ = {isa = PBXFileReference; lastKnownFileType = sourcecode.c.h; path = "OpenAdblock-Bridging-Header.h"; sourceTree = "<group>"; };
		59998B7C2AB6B94E681FE06C /* Pods_OpenAdblockTests.framework */ = {isa = PBXFileReference; explicitFileType = wrapper.framework; includeInIndex = 0; path = Pods_OpenAdblockTests.framework; sourceTree = BUILT_PRODUCTS_DIR; };
		71C8413FA5A3640DF4B729DD /* Pods-OpenAdblockUITests.release.xcconfig */ = {isa = PBXFileReference; includeInIndex = 1; lastKnownFileType = text.xcconfig; name = "Pods-OpenAdblockUITests.release.xcconfig"; path = "Pods/Target Support Files/Pods-OpenAdblockUITests/Pods-OpenAdblockUITests.release.xcconfig"; sourceTree = "<group>"; };
		B9D31278F08C7E212917721C /* Pods-OpenAdblock.debug.xcconfig */ = {isa = PBXFileReference; includeInIndex = 1; lastKnownFileType = text.xcconfig; name = "Pods-OpenAdblock.debug.xcconfig"; path = "Pods/Target Support Files/Pods-OpenAdblock/Pods-OpenAdblock.debug.xcconfig"; sourceTree = "<group>"; };
		C94CA6D1CFDA7A6A8E12B409 /* Pods-OpenAdblockTests.release.xcconfig */ = {isa = PBXFileReference; includeInIndex = 1; lastKnownFileType = text.xcconfig; name = "Pods-OpenAdblockTests.release.xcconfig"; path = "Pods/Target Support Files/Pods-OpenAdblockTests/Pods-OpenAdblockTests.release.xcconfig"; sourceTree = "<group>"; };
		CF9FFBD27B92B0A41828085B /* Pods-OpenAdblockTests.debug.xcconfig */ = {isa = PBXFileReference; includeInIndex = 1; lastKnownFileType = text.xcconfig; name = "Pods-OpenAdblockTests.debug.xcconfig"; path = "Pods/Target Support Files/Pods-OpenAdblockTests/Pods-OpenAdblockTests.debug.xcconfig"; sourceTree = "<group>"; };
		D8884FA0836F38D75874D973 /* Pods_OpenAdblock.framework */ = {isa = PBXFileReference; explicitFileType = wrapper.framework; includeInIndex = 0; path = Pods_OpenAdblock.framework; sourceTree = BUILT_PRODUCTS_DIR; };
		DEA125B31D79D123AFD14064 /* Pods-ContentBlocker.debug.xcconfig */ = {isa = PBXFileReference; includeInIndex = 1; lastKnownFileType = text.xcconfig; name = "Pods-ContentBlocker.debug.xcconfig"; path = "Pods/Target Support Files/Pods-ContentBlocker/Pods-ContentBlocker.debug.xcconfig"; sourceTree = "<group>"; };
		FE081DD8D0AB678CABD73B9C /* Pods-OpenAdblock.release.xcconfig */ = {isa = PBXFileReference; includeInIndex = 1; lastKnownFileType = text.xcconfig; name = "Pods-OpenAdblock.release.xcconfig"; path = "Pods/Target Support Files/Pods-OpenAdblock/Pods-OpenAdblock.release.xcconfig"; sourceTree = "<group>"; };
/* End PBXFileReference section */

/* Begin PBXFrameworksBuildPhase section */
		4977C1031D42A34D00F57593 /* Frameworks */ = {
			isa = PBXFrameworksBuildPhase;
			buildActionMask = 2147483647;
			files = (
				6B96A2C71EFEEE2BE469996A /* Pods_OpenAdblock.framework in Frameworks */,
			);
			runOnlyForDeploymentPostprocessing = 0;
		};
		4977C1171D42A37000F57593 /* Frameworks */ = {
			isa = PBXFrameworksBuildPhase;
			buildActionMask = 2147483647;
			files = (
				32FC3F6C3D1A2B280D960ABA /* Pods_OpenAdblockTests.framework in Frameworks */,
			);
			runOnlyForDeploymentPostprocessing = 0;
		};
		4977C1221D42A37000F57593 /* Frameworks */ = {
			isa = PBXFrameworksBuildPhase;
			buildActionMask = 2147483647;
			files = (
				FD10DF22677B84EAC9994A0B /* Pods_OpenAdblockUITests.framework in Frameworks */,
			);
			runOnlyForDeploymentPostprocessing = 0;
		};
		4977C1381D42A3F400F57593 /* Frameworks */ = {
			isa = PBXFrameworksBuildPhase;
			buildActionMask = 2147483647;
			files = (
				2669EA0055225C8EB597469C /* Pods_ContentBlocker.framework in Frameworks */,
			);
			runOnlyForDeploymentPostprocessing = 0;
		};
/* End PBXFrameworksBuildPhase section */

/* Begin PBXGroup section */
		4977C0FD1D42A34D00F57593 = {
			isa = PBXGroup;
			children = (
				4977C1081D42A34D00F57593 /* OpenAdblock */,
				4977C11D1D42A37000F57593 /* OpenAdblockTests */,
				4977C1281D42A37000F57593 /* OpenAdblockUITests */,
				4977C13C1D42A3F400F57593 /* ContentBlocker */,
				4977C1071D42A34D00F57593 /* Products */,
				B2C0A6C1233FD282D27F6E9D /* Pods */,
				4B370796A08ABEC6E73BC87C /* Frameworks */,
			);
			sourceTree = "<group>";
		};
		4977C1071D42A34D00F57593 /* Products */ = {
			isa = PBXGroup;
			children = (
				4977C1061D42A34D00F57593 /* OpenAdblock.app */,
				4977C11A1D42A37000F57593 /* OpenAdblockTests.xctest */,
				4977C1251D42A37000F57593 /* OpenAdblockUITests.xctest */,
				4977C13B1D42A3F400F57593 /* ContentBlocker.appex */,
			);
			name = Products;
			sourceTree = "<group>";
		};
		4977C1081D42A34D00F57593 /* OpenAdblock */ = {
			isa = PBXGroup;
			children = (
				4977C1091D42A34D00F57593 /* AppDelegate.swift */,
				4977C10B1D42A34D00F57593 /* ViewController.swift */,
				4977C10D1D42A34D00F57593 /* Main.storyboard */,
				4977C1101D42A36F00F57593 /* Assets.xcassets */,
				4977C1121D42A36F00F57593 /* LaunchScreen.storyboard */,
				4977C1151D42A36F00F57593 /* Info.plist */,
				497647A51DAC0914002F465B /* OABGestaltFixer.m */,
				49DEEE331D42B0DE00D6C687 /* OpenAdblock-Bridging-Header.h */,
			);
			path = OpenAdblock;
			sourceTree = "<group>";
		};
		4977C11D1D42A37000F57593 /* OpenAdblockTests */ = {
			isa = PBXGroup;
			children = (
				4977C11E1D42A37000F57593 /* OpenAdblockTests.swift */,
				4977C1201D42A37000F57593 /* Info.plist */,
			);
			path = OpenAdblockTests;
			sourceTree = "<group>";
		};
		4977C1281D42A37000F57593 /* OpenAdblockUITests */ = {
			isa = PBXGroup;
			children = (
				4977C1291D42A37000F57593 /* OpenAdblockUITests.swift */,
				4977C12B1D42A37000F57593 /* Info.plist */,
			);
			path = OpenAdblockUITests;
			sourceTree = "<group>";
		};
		4977C13C1D42A3F400F57593 /* ContentBlocker */ = {
			isa = PBXGroup;
			children = (
				4977C13D1D42A3F400F57593 /* blockerList.json */,
				4977C13F1D42A3F400F57593 /* ContentBlockerRequestHandler.swift */,
				4977C1411D42A3F400F57593 /* Info.plist */,
			);
			path = ContentBlocker;
			sourceTree = "<group>";
		};
		4B370796A08ABEC6E73BC87C /* Frameworks */ = {
			isa = PBXGroup;
			children = (
				45CBD8B4C0551A702A56F50E /* Pods_ContentBlocker.framework */,
				D8884FA0836F38D75874D973 /* Pods_OpenAdblock.framework */,
				59998B7C2AB6B94E681FE06C /* Pods_OpenAdblockTests.framework */,
				0A75D7744D390EAE1854EF88 /* Pods_OpenAdblockUITests.framework */,
			);
			name = Frameworks;
			sourceTree = "<group>";
		};
		B2C0A6C1233FD282D27F6E9D /* Pods */ = {
			isa = PBXGroup;
			children = (
				DEA125B31D79D123AFD14064 /* Pods-ContentBlocker.debug.xcconfig */,
				47B312A12C153373C5A12151 /* Pods-ContentBlocker.release.xcconfig */,
				B9D31278F08C7E212917721C /* Pods-OpenAdblock.debug.xcconfig */,
				FE081DD8D0AB678CABD73B9C /* Pods-OpenAdblock.release.xcconfig */,
				CF9FFBD27B92B0A41828085B /* Pods-OpenAdblockTests.debug.xcconfig */,
				C94CA6D1CFDA7A6A8E12B409 /* Pods-OpenAdblockTests.release.xcconfig */,
				0570D24C9D730C857C246E0A /* Pods-OpenAdblockUITests.debug.xcconfig */,
				71C8413FA5A3640DF4B729DD /* Pods-OpenAdblockUITests.release.xcconfig */,
			);
			name = Pods;
			sourceTree = "<group>";
		};
/* End PBXGroup section */

/* Begin PBXNativeTarget section */
		4977C1051D42A34D00F57593 /* OpenAdblock */ = {
			isa = PBXNativeTarget;
			buildConfigurationList = 4977C12E1D42A37000F57593 /* Build configuration list for PBXNativeTarget "OpenAdblock" */;
			buildPhases = (
				9AD31194FABCBA9A04DBA19C /* [CP] Check Pods Manifest.lock */,
				4977C1021D42A34D00F57593 /* Sources */,
				4977C1031D42A34D00F57593 /* Frameworks */,
				4977C1041D42A34D00F57593 /* Resources */,
				4977C1481D42A3F400F57593 /* Embed App Extensions */,
				D6FF16D0250AC6C1940288BA /* [CP] Embed Pods Frameworks */,
				3FFB2B0F50813A74ECC03FEE /* [CP] Copy Pods Resources */,
			);
			buildRules = (
			);
			dependencies = (
				4977C1431D42A3F400F57593 /* PBXTargetDependency */,
			);
			name = OpenAdblock;
			productName = OpenAdblock;
			productReference = 4977C1061D42A34D00F57593 /* OpenAdblock.app */;
			productType = "com.apple.product-type.application";
		};
		4977C1191D42A37000F57593 /* OpenAdblockTests */ = {
			isa = PBXNativeTarget;
			buildConfigurationList = 4977C1311D42A37000F57593 /* Build configuration list for PBXNativeTarget "OpenAdblockTests" */;
			buildPhases = (
				0048AAE6A8B82B5D837008B3 /* [CP] Check Pods Manifest.lock */,
				4977C1161D42A37000F57593 /* Sources */,
				4977C1171D42A37000F57593 /* Frameworks */,
				4977C1181D42A37000F57593 /* Resources */,
				039A728F67A3ECF5426ABD23 /* [CP] Embed Pods Frameworks */,
				DC09E88E82A3BE433F4353AE /* [CP] Copy Pods Resources */,
			);
			buildRules = (
			);
			dependencies = (
				4977C11C1D42A37000F57593 /* PBXTargetDependency */,
			);
			name = OpenAdblockTests;
			productName = OpenAdblockTests;
			productReference = 4977C11A1D42A37000F57593 /* OpenAdblockTests.xctest */;
			productType = "com.apple.product-type.bundle.unit-test";
		};
		4977C1241D42A37000F57593 /* OpenAdblockUITests */ = {
			isa = PBXNativeTarget;
			buildConfigurationList = 4977C1341D42A37000F57593 /* Build configuration list for PBXNativeTarget "OpenAdblockUITests" */;
			buildPhases = (
				4FDE4F56CCEF369CA5CE88B4 /* [CP] Check Pods Manifest.lock */,
				4977C1211D42A37000F57593 /* Sources */,
				4977C1221D42A37000F57593 /* Frameworks */,
				4977C1231D42A37000F57593 /* Resources */,
				D8E07F8EC4B67DFEB748D3CE /* [CP] Copy Pods Resources */,
			);
			buildRules = (
			);
			dependencies = (
				4977C1271D42A37000F57593 /* PBXTargetDependency */,
			);
			name = OpenAdblockUITests;
			productName = OpenAdblockUITests;
			productReference = 4977C1251D42A37000F57593 /* OpenAdblockUITests.xctest */;
			productType = "com.apple.product-type.bundle.ui-testing";
		};
		4977C13A1D42A3F400F57593 /* ContentBlocker */ = {
			isa = PBXNativeTarget;
			buildConfigurationList = 4977C1471D42A3F400F57593 /* Build configuration list for PBXNativeTarget "ContentBlocker" */;
			buildPhases = (
				B0CAD4C3D9E710785CEE8B13 /* [CP] Check Pods Manifest.lock */,
				4977C1371D42A3F400F57593 /* Sources */,
				4977C1381D42A3F400F57593 /* Frameworks */,
				4977C1391D42A3F400F57593 /* Resources */,
				A88FFFE52D265AB14AC85AB6 /* [CP] Embed Pods Frameworks */,
				0903924FDDF1C0C1A09170A7 /* [CP] Copy Pods Resources */,
			);
			buildRules = (
			);
			dependencies = (
			);
			name = ContentBlocker;
			productName = ContentBlocker;
			productReference = 4977C13B1D42A3F400F57593 /* ContentBlocker.appex */;
			productType = "com.apple.product-type.app-extension";
		};
/* End PBXNativeTarget section */

/* Begin PBXProject section */
		4977C0FE1D42A34D00F57593 /* Project object */ = {
			isa = PBXProject;
			attributes = {
				LastSwiftUpdateCheck = 0800;
				LastUpgradeCheck = 0810;
				ORGANIZATIONNAME = "Saagar Jha";
				TargetAttributes = {
					4977C1051D42A34D00F57593 = {
						CreatedOnToolsVersion = 8.0;
						DevelopmentTeam = 3493UDPWAK;
						DevelopmentTeamName = "Neelam Jha";
						LastSwiftMigration = 0800;
						ProvisioningStyle = Automatic;
					};
					4977C1191D42A37000F57593 = {
						CreatedOnToolsVersion = 8.0;
						DevelopmentTeam = 3493UDPWAK;
						DevelopmentTeamName = "Neelam Jha";
						LastSwiftMigration = 0810;
						ProvisioningStyle = Automatic;
						TestTargetID = 4977C1051D42A34D00F57593;
					};
					4977C1241D42A37000F57593 = {
						CreatedOnToolsVersion = 8.0;
						DevelopmentTeam = 3493UDPWAK;
						DevelopmentTeamName = "Neelam Jha";
						LastSwiftMigration = 0810;
						ProvisioningStyle = Automatic;
						TestTargetID = 4977C1051D42A34D00F57593;
					};
					4977C13A1D42A3F400F57593 = {
						CreatedOnToolsVersion = 8.0;
						DevelopmentTeam = 3493UDPWAK;
						DevelopmentTeamName = "Neelam Jha";
						LastSwiftMigration = 0810;
						ProvisioningStyle = Automatic;
					};
				};
			};
			buildConfigurationList = 4977C1011D42A34D00F57593 /* Build configuration list for PBXProject "OpenAdblock" */;
			compatibilityVersion = "Xcode 3.2";
			developmentRegion = English;
			hasScannedForEncodings = 0;
			knownRegions = (
				en,
				Base,
			);
			mainGroup = 4977C0FD1D42A34D00F57593;
			productRefGroup = 4977C1071D42A34D00F57593 /* Products */;
			projectDirPath = "";
			projectRoot = "";
			targets = (
				4977C1051D42A34D00F57593 /* OpenAdblock */,
				4977C1191D42A37000F57593 /* OpenAdblockTests */,
				4977C1241D42A37000F57593 /* OpenAdblockUITests */,
				4977C13A1D42A3F400F57593 /* ContentBlocker */,
			);
		};
/* End PBXProject section */

/* Begin PBXResourcesBuildPhase section */
		4977C1041D42A34D00F57593 /* Resources */ = {
			isa = PBXResourcesBuildPhase;
			buildActionMask = 2147483647;
			files = (
				4977C1141D42A36F00F57593 /* LaunchScreen.storyboard in Resources */,
				4977C1111D42A36F00F57593 /* Assets.xcassets in Resources */,
				4977C10F1D42A34D00F57593 /* Main.storyboard in Resources */,
			);
			runOnlyForDeploymentPostprocessing = 0;
		};
		4977C1181D42A37000F57593 /* Resources */ = {
			isa = PBXResourcesBuildPhase;
			buildActionMask = 2147483647;
			files = (
			);
			runOnlyForDeploymentPostprocessing = 0;
		};
		4977C1231D42A37000F57593 /* Resources */ = {
			isa = PBXResourcesBuildPhase;
			buildActionMask = 2147483647;
			files = (
			);
			runOnlyForDeploymentPostprocessing = 0;
		};
		4977C1391D42A3F400F57593 /* Resources */ = {
			isa = PBXResourcesBuildPhase;
			buildActionMask = 2147483647;
			files = (
				4977C13E1D42A3F400F57593 /* blockerList.json in Resources */,
			);
			runOnlyForDeploymentPostprocessing = 0;
		};
/* End PBXResourcesBuildPhase section */

/* Begin PBXShellScriptBuildPhase section */
		0048AAE6A8B82B5D837008B3 /* [CP] Check Pods Manifest.lock */ = {
			isa = PBXShellScriptBuildPhase;
			buildActionMask = 2147483647;
			files = (
			);
			inputPaths = (
			);
			name = "[CP] Check Pods Manifest.lock";
			outputPaths = (
			);
			runOnlyForDeploymentPostprocessing = 0;
			shellPath = /bin/sh;
			shellScript = "diff \"${PODS_ROOT}/../Podfile.lock\" \"${PODS_ROOT}/Manifest.lock\" > /dev/null\nif [[ $? != 0 ]] ; then\n    cat << EOM\nerror: The sandbox is not in sync with the Podfile.lock. Run 'pod install' or update your CocoaPods installation.\nEOM\n    exit 1\nfi\n";
			showEnvVarsInLog = 0;
		};
		039A728F67A3ECF5426ABD23 /* [CP] Embed Pods Frameworks */ = {
			isa = PBXShellScriptBuildPhase;
			buildActionMask = 2147483647;
			files = (
			);
			inputPaths = (
			);
			name = "[CP] Embed Pods Frameworks";
			outputPaths = (
			);
			runOnlyForDeploymentPostprocessing = 0;
			shellPath = /bin/sh;
			shellScript = "\"${SRCROOT}/Pods/Target Support Files/Pods-OpenAdblockTests/Pods-OpenAdblockTests-frameworks.sh\"\n";
			showEnvVarsInLog = 0;
		};
		0903924FDDF1C0C1A09170A7 /* [CP] Copy Pods Resources */ = {
			isa = PBXShellScriptBuildPhase;
			buildActionMask = 2147483647;
			files = (
			);
			inputPaths = (
			);
			name = "[CP] Copy Pods Resources";
			outputPaths = (
			);
			runOnlyForDeploymentPostprocessing = 0;
			shellPath = /bin/sh;
			shellScript = "\"${SRCROOT}/Pods/Target Support Files/Pods-ContentBlocker/Pods-ContentBlocker-resources.sh\"\n";
			showEnvVarsInLog = 0;
		};
		3FFB2B0F50813A74ECC03FEE /* [CP] Copy Pods Resources */ = {
			isa = PBXShellScriptBuildPhase;
			buildActionMask = 2147483647;
			files = (
			);
			inputPaths = (
			);
			name = "[CP] Copy Pods Resources";
			outputPaths = (
			);
			runOnlyForDeploymentPostprocessing = 0;
			shellPath = /bin/sh;
			shellScript = "\"${SRCROOT}/Pods/Target Support Files/Pods-OpenAdblock/Pods-OpenAdblock-resources.sh\"\n";
			showEnvVarsInLog = 0;
		};
		4FDE4F56CCEF369CA5CE88B4 /* [CP] Check Pods Manifest.lock */ = {
			isa = PBXShellScriptBuildPhase;
			buildActionMask = 2147483647;
			files = (
			);
			inputPaths = (
			);
			name = "[CP] Check Pods Manifest.lock";
			outputPaths = (
			);
			runOnlyForDeploymentPostprocessing = 0;
			shellPath = /bin/sh;
			shellScript = "diff \"${PODS_ROOT}/../Podfile.lock\" \"${PODS_ROOT}/Manifest.lock\" > /dev/null\nif [[ $? != 0 ]] ; then\n    cat << EOM\nerror: The sandbox is not in sync with the Podfile.lock. Run 'pod install' or update your CocoaPods installation.\nEOM\n    exit 1\nfi\n";
			showEnvVarsInLog = 0;
		};
		9AD31194FABCBA9A04DBA19C /* [CP] Check Pods Manifest.lock */ = {
			isa = PBXShellScriptBuildPhase;
			buildActionMask = 2147483647;
			files = (
			);
			inputPaths = (
			);
			name = "[CP] Check Pods Manifest.lock";
			outputPaths = (
			);
			runOnlyForDeploymentPostprocessing = 0;
			shellPath = /bin/sh;
			shellScript = "diff \"${PODS_ROOT}/../Podfile.lock\" \"${PODS_ROOT}/Manifest.lock\" > /dev/null\nif [[ $? != 0 ]] ; then\n    cat << EOM\nerror: The sandbox is not in sync with the Podfile.lock. Run 'pod install' or update your CocoaPods installation.\nEOM\n    exit 1\nfi\n";
			showEnvVarsInLog = 0;
		};
		A88FFFE52D265AB14AC85AB6 /* [CP] Embed Pods Frameworks */ = {
			isa = PBXShellScriptBuildPhase;
			buildActionMask = 2147483647;
			files = (
			);
			inputPaths = (
			);
			name = "[CP] Embed Pods Frameworks";
			outputPaths = (
			);
			runOnlyForDeploymentPostprocessing = 0;
			shellPath = /bin/sh;
			shellScript = "\"${SRCROOT}/Pods/Target Support Files/Pods-ContentBlocker/Pods-ContentBlocker-frameworks.sh\"\n";
			showEnvVarsInLog = 0;
		};
		B0CAD4C3D9E710785CEE8B13 /* [CP] Check Pods Manifest.lock */ = {
			isa = PBXShellScriptBuildPhase;
			buildActionMask = 2147483647;
			files = (
			);
			inputPaths = (
			);
			name = "[CP] Check Pods Manifest.lock";
			outputPaths = (
			);
			runOnlyForDeploymentPostprocessing = 0;
			shellPath = /bin/sh;
			shellScript = "diff \"${PODS_ROOT}/../Podfile.lock\" \"${PODS_ROOT}/Manifest.lock\" > /dev/null\nif [[ $? != 0 ]] ; then\n    cat << EOM\nerror: The sandbox is not in sync with the Podfile.lock. Run 'pod install' or update your CocoaPods installation.\nEOM\n    exit 1\nfi\n";
			showEnvVarsInLog = 0;
		};
		D6FF16D0250AC6C1940288BA /* [CP] Embed Pods Frameworks */ = {
			isa = PBXShellScriptBuildPhase;
			buildActionMask = 2147483647;
			files = (
			);
			inputPaths = (
			);
			name = "[CP] Embed Pods Frameworks";
			outputPaths = (
			);
			runOnlyForDeploymentPostprocessing = 0;
			shellPath = /bin/sh;
			shellScript = "\"${SRCROOT}/Pods/Target Support Files/Pods-OpenAdblock/Pods-OpenAdblock-frameworks.sh\"\n";
			showEnvVarsInLog = 0;
		};
		D8E07F8EC4B67DFEB748D3CE /* [CP] Copy Pods Resources */ = {
			isa = PBXShellScriptBuildPhase;
			buildActionMask = 2147483647;
			files = (
			);
			inputPaths = (
			);
			name = "[CP] Copy Pods Resources";
			outputPaths = (
			);
			runOnlyForDeploymentPostprocessing = 0;
			shellPath = /bin/sh;
			shellScript = "\"${SRCROOT}/Pods/Target Support Files/Pods-OpenAdblockUITests/Pods-OpenAdblockUITests-resources.sh\"\n";
			showEnvVarsInLog = 0;
		};
		DC09E88E82A3BE433F4353AE /* [CP] Copy Pods Resources */ = {
			isa = PBXShellScriptBuildPhase;
			buildActionMask = 2147483647;
			files = (
			);
			inputPaths = (
			);
			name = "[CP] Copy Pods Resources";
			outputPaths = (
			);
			runOnlyForDeploymentPostprocessing = 0;
			shellPath = /bin/sh;
			shellScript = "\"${SRCROOT}/Pods/Target Support Files/Pods-OpenAdblockTests/Pods-OpenAdblockTests-resources.sh\"\n";
			showEnvVarsInLog = 0;
		};
/* End PBXShellScriptBuildPhase section */

/* Begin PBXSourcesBuildPhase section */
		4977C1021D42A34D00F57593 /* Sources */ = {
			isa = PBXSourcesBuildPhase;
			buildActionMask = 2147483647;
			files = (
				497647A61DAC0914002F465B /* OABGestaltFixer.m in Sources */,
				4977C10C1D42A34D00F57593 /* ViewController.swift in Sources */,
				4977C10A1D42A34D00F57593 /* AppDelegate.swift in Sources */,
			);
			runOnlyForDeploymentPostprocessing = 0;
		};
		4977C1161D42A37000F57593 /* Sources */ = {
			isa = PBXSourcesBuildPhase;
			buildActionMask = 2147483647;
			files = (
				4977C11F1D42A37000F57593 /* OpenAdblockTests.swift in Sources */,
			);
			runOnlyForDeploymentPostprocessing = 0;
		};
		4977C1211D42A37000F57593 /* Sources */ = {
			isa = PBXSourcesBuildPhase;
			buildActionMask = 2147483647;
			files = (
				4977C12A1D42A37000F57593 /* OpenAdblockUITests.swift in Sources */,
			);
			runOnlyForDeploymentPostprocessing = 0;
		};
		4977C1371D42A3F400F57593 /* Sources */ = {
			isa = PBXSourcesBuildPhase;
			buildActionMask = 2147483647;
			files = (
				4977C1401D42A3F400F57593 /* ContentBlockerRequestHandler.swift in Sources */,
			);
			runOnlyForDeploymentPostprocessing = 0;
		};
/* End PBXSourcesBuildPhase section */

/* Begin PBXTargetDependency section */
		4977C11C1D42A37000F57593 /* PBXTargetDependency */ = {
			isa = PBXTargetDependency;
			target = 4977C1051D42A34D00F57593 /* OpenAdblock */;
			targetProxy = 4977C11B1D42A37000F57593 /* PBXContainerItemProxy */;
		};
		4977C1271D42A37000F57593 /* PBXTargetDependency */ = {
			isa = PBXTargetDependency;
			target = 4977C1051D42A34D00F57593 /* OpenAdblock */;
			targetProxy = 4977C1261D42A37000F57593 /* PBXContainerItemProxy */;
		};
		4977C1431D42A3F400F57593 /* PBXTargetDependency */ = {
			isa = PBXTargetDependency;
			target = 4977C13A1D42A3F400F57593 /* ContentBlocker */;
			targetProxy = 4977C1421D42A3F400F57593 /* PBXContainerItemProxy */;
		};
/* End PBXTargetDependency section */

/* Begin PBXVariantGroup section */
		4977C10D1D42A34D00F57593 /* Main.storyboard */ = {
			isa = PBXVariantGroup;
			children = (
				4977C10E1D42A34D00F57593 /* Base */,
			);
			name = Main.storyboard;
			sourceTree = "<group>";
		};
		4977C1121D42A36F00F57593 /* LaunchScreen.storyboard */ = {
			isa = PBXVariantGroup;
			children = (
				4977C1131D42A36F00F57593 /* Base */,
			);
			name = LaunchScreen.storyboard;
			sourceTree = "<group>";
		};
/* End PBXVariantGroup section */

/* Begin XCBuildConfiguration section */
		4977C12C1D42A37000F57593 /* Debug */ = {
			isa = XCBuildConfiguration;
			buildSettings = {
				ALWAYS_SEARCH_USER_PATHS = NO;
				CLANG_ANALYZER_NONNULL = YES;
				CLANG_CXX_LANGUAGE_STANDARD = "gnu++0x";
				CLANG_CXX_LIBRARY = "libc++";
				CLANG_ENABLE_MODULES = YES;
				CLANG_ENABLE_OBJC_ARC = YES;
				CLANG_WARN_BOOL_CONVERSION = YES;
				CLANG_WARN_CONSTANT_CONVERSION = YES;
				CLANG_WARN_DIRECT_OBJC_ISA_USAGE = YES_ERROR;
				CLANG_WARN_DOCUMENTATION_COMMENTS = YES;
				CLANG_WARN_EMPTY_BODY = YES;
				CLANG_WARN_ENUM_CONVERSION = YES;
				CLANG_WARN_INFINITE_RECURSION = YES;
				CLANG_WARN_INT_CONVERSION = YES;
				CLANG_WARN_OBJC_ROOT_CLASS = YES_ERROR;
				CLANG_WARN_SUSPICIOUS_MOVE = YES;
				CLANG_WARN_UNREACHABLE_CODE = YES;
				CLANG_WARN__DUPLICATE_METHOD_MATCH = YES;
				"CODE_SIGN_IDENTITY[sdk=iphoneos*]" = "iPhone Developer";
				COPY_PHASE_STRIP = NO;
				DEBUG_INFORMATION_FORMAT = dwarf;
				ENABLE_STRICT_OBJC_MSGSEND = YES;
				ENABLE_TESTABILITY = YES;
				GCC_C_LANGUAGE_STANDARD = gnu99;
				GCC_DYNAMIC_NO_PIC = NO;
				GCC_NO_COMMON_BLOCKS = YES;
				GCC_OPTIMIZATION_LEVEL = 0;
				GCC_PREPROCESSOR_DEFINITIONS = (
					"DEBUG=1",
					"$(inherited)",
				);
				GCC_WARN_64_TO_32_BIT_CONVERSION = YES;
				GCC_WARN_ABOUT_RETURN_TYPE = YES_ERROR;
				GCC_WARN_UNDECLARED_SELECTOR = YES;
				GCC_WARN_UNINITIALIZED_AUTOS = YES_AGGRESSIVE;
				GCC_WARN_UNUSED_FUNCTION = YES;
				GCC_WARN_UNUSED_VARIABLE = YES;
				IPHONEOS_DEPLOYMENT_TARGET = 10.0;
				MTL_ENABLE_DEBUG_INFO = YES;
				ONLY_ACTIVE_ARCH = YES;
				SDKROOT = iphoneos;
				SWIFT_ACTIVE_COMPILATION_CONDITIONS = DEBUG;
				SWIFT_OPTIMIZATION_LEVEL = "-Onone";
				TARGETED_DEVICE_FAMILY = "1,2";
			};
			name = Debug;
		};
		4977C12D1D42A37000F57593 /* Release */ = {
			isa = XCBuildConfiguration;
			buildSettings = {
				ALWAYS_SEARCH_USER_PATHS = NO;
				CLANG_ANALYZER_NONNULL = YES;
				CLANG_CXX_LANGUAGE_STANDARD = "gnu++0x";
				CLANG_CXX_LIBRARY = "libc++";
				CLANG_ENABLE_MODULES = YES;
				CLANG_ENABLE_OBJC_ARC = YES;
				CLANG_WARN_BOOL_CONVERSION = YES;
				CLANG_WARN_CONSTANT_CONVERSION = YES;
				CLANG_WARN_DIRECT_OBJC_ISA_USAGE = YES_ERROR;
				CLANG_WARN_DOCUMENTATION_COMMENTS = YES;
				CLANG_WARN_EMPTY_BODY = YES;
				CLANG_WARN_ENUM_CONVERSION = YES;
				CLANG_WARN_INFINITE_RECURSION = YES;
				CLANG_WARN_INT_CONVERSION = YES;
				CLANG_WARN_OBJC_ROOT_CLASS = YES_ERROR;
				CLANG_WARN_SUSPICIOUS_MOVE = YES;
				CLANG_WARN_UNREACHABLE_CODE = YES;
				CLANG_WARN__DUPLICATE_METHOD_MATCH = YES;
				"CODE_SIGN_IDENTITY[sdk=iphoneos*]" = "iPhone Developer";
				COPY_PHASE_STRIP = NO;
				DEBUG_INFORMATION_FORMAT = "dwarf-with-dsym";
				ENABLE_NS_ASSERTIONS = NO;
				ENABLE_STRICT_OBJC_MSGSEND = YES;
				GCC_C_LANGUAGE_STANDARD = gnu99;
				GCC_NO_COMMON_BLOCKS = YES;
				GCC_WARN_64_TO_32_BIT_CONVERSION = YES;
				GCC_WARN_ABOUT_RETURN_TYPE = YES_ERROR;
				GCC_WARN_UNDECLARED_SELECTOR = YES;
				GCC_WARN_UNINITIALIZED_AUTOS = YES_AGGRESSIVE;
				GCC_WARN_UNUSED_FUNCTION = YES;
				GCC_WARN_UNUSED_VARIABLE = YES;
				IPHONEOS_DEPLOYMENT_TARGET = 10.0;
				MTL_ENABLE_DEBUG_INFO = NO;
				SDKROOT = iphoneos;
				SWIFT_OPTIMIZATION_LEVEL = "-Owholemodule";
				TARGETED_DEVICE_FAMILY = "1,2";
				VALIDATE_PRODUCT = YES;
			};
			name = Release;
		};
		4977C12F1D42A37000F57593 /* Debug */ = {
			isa = XCBuildConfiguration;
			baseConfigurationReference = B9D31278F08C7E212917721C /* Pods-OpenAdblock.debug.xcconfig */;
			buildSettings = {
				ALWAYS_EMBED_SWIFT_STANDARD_LIBRARIES = YES;
				ASSETCATALOG_COMPILER_APPICON_NAME = AppIcon;
				CLANG_ENABLE_MODULES = YES;
				INFOPLIST_FILE = OpenAdblock/Info.plist;
				LD_RUNPATH_SEARCH_PATHS = "$(inherited) @executable_path/Frameworks";
				PRODUCT_BUNDLE_IDENTIFIER = com.saagarjha.OpenAdblock;
				PRODUCT_NAME = "$(TARGET_NAME)";
				SWIFT_OBJC_BRIDGING_HEADER = "OpenAdblock/OpenAdblock-Bridging-Header.h";
				SWIFT_OPTIMIZATION_LEVEL = "-Onone";
				SWIFT_VERSION = 3.0;
			};
			name = Debug;
		};
		4977C1301D42A37000F57593 /* Release */ = {
			isa = XCBuildConfiguration;
			baseConfigurationReference = FE081DD8D0AB678CABD73B9C /* Pods-OpenAdblock.release.xcconfig */;
			buildSettings = {
				ALWAYS_EMBED_SWIFT_STANDARD_LIBRARIES = YES;
				ASSETCATALOG_COMPILER_APPICON_NAME = AppIcon;
				CLANG_ENABLE_MODULES = YES;
				INFOPLIST_FILE = OpenAdblock/Info.plist;
				LD_RUNPATH_SEARCH_PATHS = "$(inherited) @executable_path/Frameworks";
				PRODUCT_BUNDLE_IDENTIFIER = com.saagarjha.OpenAdblock;
				PRODUCT_NAME = "$(TARGET_NAME)";
				SWIFT_OBJC_BRIDGING_HEADER = "OpenAdblock/OpenAdblock-Bridging-Header.h";
				SWIFT_VERSION = 3.0;
			};
			name = Release;
		};
		4977C1321D42A37000F57593 /* Debug */ = {
			isa = XCBuildConfiguration;
			baseConfigurationReference = CF9FFBD27B92B0A41828085B /* Pods-OpenAdblockTests.debug.xcconfig */;
			buildSettings = {
				BUNDLE_LOADER = "$(TEST_HOST)";
				INFOPLIST_FILE = OpenAdblockTests/Info.plist;
				LD_RUNPATH_SEARCH_PATHS = "$(inherited) @executable_path/Frameworks @loader_path/Frameworks";
				PRODUCT_BUNDLE_IDENTIFIER = com.saagarjha.OpenAdblockTests;
				PRODUCT_NAME = "$(TARGET_NAME)";
				SWIFT_VERSION = 3.0;
				TEST_HOST = "$(BUILT_PRODUCTS_DIR)/OpenAdblock.app/OpenAdblock";
			};
			name = Debug;
		};
		4977C1331D42A37000F57593 /* Release */ = {
			isa = XCBuildConfiguration;
			baseConfigurationReference = C94CA6D1CFDA7A6A8E12B409 /* Pods-OpenAdblockTests.release.xcconfig */;
			buildSettings = {
				BUNDLE_LOADER = "$(TEST_HOST)";
				INFOPLIST_FILE = OpenAdblockTests/Info.plist;
				LD_RUNPATH_SEARCH_PATHS = "$(inherited) @executable_path/Frameworks @loader_path/Frameworks";
				PRODUCT_BUNDLE_IDENTIFIER = com.saagarjha.OpenAdblockTests;
				PRODUCT_NAME = "$(TARGET_NAME)";
				SWIFT_VERSION = 3.0;
				TEST_HOST = "$(BUILT_PRODUCTS_DIR)/OpenAdblock.app/OpenAdblock";
			};
			name = Release;
		};
		4977C1351D42A37000F57593 /* Debug */ = {
			isa = XCBuildConfiguration;
			baseConfigurationReference = 0570D24C9D730C857C246E0A /* Pods-OpenAdblockUITests.debug.xcconfig */;
			buildSettings = {
				INFOPLIST_FILE = OpenAdblockUITests/Info.plist;
				LD_RUNPATH_SEARCH_PATHS = "$(inherited) @executable_path/Frameworks @loader_path/Frameworks";
				PRODUCT_BUNDLE_IDENTIFIER = com.saagarjha.OpenAdblockUITests;
				PRODUCT_NAME = "$(TARGET_NAME)";
				SWIFT_VERSION = 3.0;
				TEST_TARGET_NAME = OpenAdblock;
			};
			name = Debug;
		};
		4977C1361D42A37000F57593 /* Release */ = {
			isa = XCBuildConfiguration;
			baseConfigurationReference = 71C8413FA5A3640DF4B729DD /* Pods-OpenAdblockUITests.release.xcconfig */;
			buildSettings = {
				INFOPLIST_FILE = OpenAdblockUITests/Info.plist;
				LD_RUNPATH_SEARCH_PATHS = "$(inherited) @executable_path/Frameworks @loader_path/Frameworks";
				PRODUCT_BUNDLE_IDENTIFIER = com.saagarjha.OpenAdblockUITests;
				PRODUCT_NAME = "$(TARGET_NAME)";
				SWIFT_VERSION = 3.0;
				TEST_TARGET_NAME = OpenAdblock;
			};
			name = Release;
		};
		4977C1451D42A3F400F57593 /* Debug */ = {
			isa = XCBuildConfiguration;
			baseConfigurationReference = DEA125B31D79D123AFD14064 /* Pods-ContentBlocker.debug.xcconfig */;
			buildSettings = {
				INFOPLIST_FILE = ContentBlocker/Info.plist;
				LD_RUNPATH_SEARCH_PATHS = "$(inherited) @executable_path/Frameworks @executable_path/../../Frameworks";
				PRODUCT_BUNDLE_IDENTIFIER = com.saagarjha.OpenAdblock.ContentBlocker;
				PRODUCT_NAME = "$(TARGET_NAME)";
				SKIP_INSTALL = YES;
				SWIFT_VERSION = 3.0;
			};
			name = Debug;
		};
		4977C1461D42A3F400F57593 /* Release */ = {
			isa = XCBuildConfiguration;
			baseConfigurationReference = 47B312A12C153373C5A12151 /* Pods-ContentBlocker.release.xcconfig */;
			buildSettings = {
				INFOPLIST_FILE = ContentBlocker/Info.plist;
				LD_RUNPATH_SEARCH_PATHS = "$(inherited) @executable_path/Frameworks @executable_path/../../Frameworks";
				PRODUCT_BUNDLE_IDENTIFIER = com.saagarjha.OpenAdblock.ContentBlocker;
				PRODUCT_NAME = "$(TARGET_NAME)";
				SKIP_INSTALL = YES;
				SWIFT_VERSION = 3.0;
			};
			name = Release;
		};
/* End XCBuildConfiguration section */

/* Begin XCConfigurationList section */
		4977C1011D42A34D00F57593 /* Build configuration list for PBXProject "OpenAdblock" */ = {
			isa = XCConfigurationList;
			buildConfigurations = (
				4977C12C1D42A37000F57593 /* Debug */,
				4977C12D1D42A37000F57593 /* Release */,
			);
			defaultConfigurationIsVisible = 0;
			defaultConfigurationName = Release;
		};
		4977C12E1D42A37000F57593 /* Build configuration list for PBXNativeTarget "OpenAdblock" */ = {
			isa = XCConfigurationList;
			buildConfigurations = (
				4977C12F1D42A37000F57593 /* Debug */,
				4977C1301D42A37000F57593 /* Release */,
			);
			defaultConfigurationIsVisible = 0;
			defaultConfigurationName = Release;
		};
		4977C1311D42A37000F57593 /* Build configuration list for PBXNativeTarget "OpenAdblockTests" */ = {
			isa = XCConfigurationList;
			buildConfigurations = (
				4977C1321D42A37000F57593 /* Debug */,
				4977C1331D42A37000F57593 /* Release */,
			);
			defaultConfigurationIsVisible = 0;
			defaultConfigurationName = Release;
		};
		4977C1341D42A37000F57593 /* Build configuration list for PBXNativeTarget "OpenAdblockUITests" */ = {
			isa = XCConfigurationList;
			buildConfigurations = (
				4977C1351D42A37000F57593 /* Debug */,
				4977C1361D42A37000F57593 /* Release */,
			);
			defaultConfigurationIsVisible = 0;
			defaultConfigurationName = Release;
		};
		4977C1471D42A3F400F57593 /* Build configuration list for PBXNativeTarget "ContentBlocker" */ = {
			isa = XCConfigurationList;
			buildConfigurations = (
				4977C1451D42A3F400F57593 /* Debug */,
				4977C1461D42A3F400F57593 /* Release */,
			);
			defaultConfigurationIsVisible = 0;
			defaultConfigurationName = Release;
		};
/* End XCConfigurationList section */
	};
	rootObject = 4977C0FE1D42A34D00F57593 /* Project object */;
}
