// !$*UTF8*$!
{
	archiveVersion = 1;
	classes = {
	};
	objectVersion = 46;
	objects = {

/* Begin PBXBuildFile section */
		4982FE1C1BBB4FAF00C52ABE /* Default.json in Resources */ = {isa = PBXBuildFile; fileRef = 49EBF2541BBB4E1500C67162 /* Default.json */; };
		49EBF20C1BBB4CFD00C67162 /* LaunchScreen.storyboard in Resources */ = {isa = PBXBuildFile; fileRef = 49EBF20A1BBB4CFD00C67162 /* LaunchScreen.storyboard */; };
		49EBF2171BBB4CFD00C67162 /* OpenAdBlockTests.swift in Sources */ = {isa = PBXBuildFile; fileRef = 49EBF2161BBB4CFD00C67162 /* OpenAdBlockTests.swift */; };
		49EBF2221BBB4CFD00C67162 /* OpenAdBlockUITests.swift in Sources */ = {isa = PBXBuildFile; fileRef = 49EBF2211BBB4CFD00C67162 /* OpenAdBlockUITests.swift */; };
		49EBF2301BBB4D3600C67162 /* AboutViewController.swift in Sources */ = {isa = PBXBuildFile; fileRef = 49EBF22F1BBB4D3600C67162 /* AboutViewController.swift */; };
		49EBF2321BBB4D4500C67162 /* AdBlocker.swift in Sources */ = {isa = PBXBuildFile; fileRef = 49EBF2311BBB4D4500C67162 /* AdBlocker.swift */; };
		49EBF2381BBB4D7300C67162 /* Assets.xcassets in Resources */ = {isa = PBXBuildFile; fileRef = 49EBF2371BBB4D7300C67162 /* Assets.xcassets */; };
		49EBF23A1BBB4D8200C67162 /* SettingsViewController.swift in Sources */ = {isa = PBXBuildFile; fileRef = 49EBF2391BBB4D8200C67162 /* SettingsViewController.swift */; };
		49EBF23C1BBB4D9E00C67162 /* Main.storyboard in Resources */ = {isa = PBXBuildFile; fileRef = 49EBF23B1BBB4D9E00C67162 /* Main.storyboard */; };
		49EBF23E1BBB4DB300C67162 /* WhitelistViewController.swift in Sources */ = {isa = PBXBuildFile; fileRef = 49EBF23D1BBB4DB300C67162 /* WhitelistViewController.swift */; };
		49EBF2401BBB4DD100C67162 /* AppDelegate.swift in Sources */ = {isa = PBXBuildFile; fileRef = 49EBF23F1BBB4DD100C67162 /* AppDelegate.swift */; };
		49EBF24E1BBB4DF600C67162 /* OpenAdBlockContentBlocker.appex in Embed App Extensions */ = {isa = PBXBuildFile; fileRef = 49EBF2451BBB4DF600C67162 /* OpenAdBlockContentBlocker.appex */; settings = {ATTRIBUTES = (RemoveHeadersOnCopy, ); }; };
		49EBF2551BBB4E1500C67162 /* ActionRequestHandler.swift in Sources */ = {isa = PBXBuildFile; fileRef = 49EBF2531BBB4E1500C67162 /* ActionRequestHandler.swift */; };
		49EBF2561BBB4E1500C67162 /* Default.json in Resources */ = {isa = PBXBuildFile; fileRef = 49EBF2541BBB4E1500C67162 /* Default.json */; };
/* End PBXBuildFile section */

/* Begin PBXContainerItemProxy section */
		49EBF2131BBB4CFD00C67162 /* PBXContainerItemProxy */ = {
			isa = PBXContainerItemProxy;
			containerPortal = 49EBF1F61BBB4CFC00C67162 /* Project object */;
			proxyType = 1;
			remoteGlobalIDString = 49EBF1FD1BBB4CFC00C67162;
			remoteInfo = OpenAdBlock;
		};
		49EBF21E1BBB4CFD00C67162 /* PBXContainerItemProxy */ = {
			isa = PBXContainerItemProxy;
			containerPortal = 49EBF1F61BBB4CFC00C67162 /* Project object */;
			proxyType = 1;
			remoteGlobalIDString = 49EBF1FD1BBB4CFC00C67162;
			remoteInfo = OpenAdBlock;
		};
		49EBF24C1BBB4DF600C67162 /* PBXContainerItemProxy */ = {
			isa = PBXContainerItemProxy;
			containerPortal = 49EBF1F61BBB4CFC00C67162 /* Project object */;
			proxyType = 1;
			remoteGlobalIDString = 49EBF2441BBB4DF600C67162;
			remoteInfo = OpenAdBlockContentBlocker;
		};
/* End PBXContainerItemProxy section */

/* Begin PBXCopyFilesBuildPhase section */
		49EBF2521BBB4DF600C67162 /* Embed App Extensions */ = {
			isa = PBXCopyFilesBuildPhase;
			buildActionMask = 2147483647;
			dstPath = "";
			dstSubfolderSpec = 13;
			files = (
				49EBF24E1BBB4DF600C67162 /* OpenAdBlockContentBlocker.appex in Embed App Extensions */,
			);
			name = "Embed App Extensions";
			runOnlyForDeploymentPostprocessing = 0;
		};
/* End PBXCopyFilesBuildPhase section */

/* Begin PBXFileReference section */
		49EBF1FE1BBB4CFD00C67162 /* OpenAdBlock.app */ = {isa = PBXFileReference; explicitFileType = wrapper.application; includeInIndex = 0; path = OpenAdBlock.app; sourceTree = BUILT_PRODUCTS_DIR; };
		49EBF20B1BBB4CFD00C67162 /* Base */ = {isa = PBXFileReference; lastKnownFileType = file.storyboard; name = Base; path = Base.lproj/LaunchScreen.storyboard; sourceTree = "<group>"; };
		49EBF20D1BBB4CFD00C67162 /* Info.plist */ = {isa = PBXFileReference; lastKnownFileType = text.plist.xml; path = Info.plist; sourceTree = "<group>"; };
		49EBF2121BBB4CFD00C67162 /* OpenAdBlockTests.xctest */ = {isa = PBXFileReference; explicitFileType = wrapper.cfbundle; includeInIndex = 0; path = OpenAdBlockTests.xctest; sourceTree = BUILT_PRODUCTS_DIR; };
		49EBF2161BBB4CFD00C67162 /* OpenAdBlockTests.swift */ = {isa = PBXFileReference; lastKnownFileType = sourcecode.swift; path = OpenAdBlockTests.swift; sourceTree = "<group>"; };
		49EBF2181BBB4CFD00C67162 /* Info.plist */ = {isa = PBXFileReference; lastKnownFileType = text.plist.xml; path = Info.plist; sourceTree = "<group>"; };
		49EBF21D1BBB4CFD00C67162 /* OpenAdBlockUITests.xctest */ = {isa = PBXFileReference; explicitFileType = wrapper.cfbundle; includeInIndex = 0; path = OpenAdBlockUITests.xctest; sourceTree = BUILT_PRODUCTS_DIR; };
		49EBF2211BBB4CFD00C67162 /* OpenAdBlockUITests.swift */ = {isa = PBXFileReference; lastKnownFileType = sourcecode.swift; path = OpenAdBlockUITests.swift; sourceTree = "<group>"; };
		49EBF2231BBB4CFD00C67162 /* Info.plist */ = {isa = PBXFileReference; lastKnownFileType = text.plist.xml; path = Info.plist; sourceTree = "<group>"; };
		49EBF22F1BBB4D3600C67162 /* AboutViewController.swift */ = {isa = PBXFileReference; fileEncoding = 4; lastKnownFileType = sourcecode.swift; path = AboutViewController.swift; sourceTree = "<group>"; };
		49EBF2311BBB4D4500C67162 /* AdBlocker.swift */ = {isa = PBXFileReference; fileEncoding = 4; lastKnownFileType = sourcecode.swift; path = AdBlocker.swift; sourceTree = "<group>"; };
		49EBF2371BBB4D7300C67162 /* Assets.xcassets */ = {isa = PBXFileReference; lastKnownFileType = folder.assetcatalog; path = Assets.xcassets; sourceTree = "<group>"; };
		49EBF2391BBB4D8200C67162 /* SettingsViewController.swift */ = {isa = PBXFileReference; fileEncoding = 4; lastKnownFileType = sourcecode.swift; path = SettingsViewController.swift; sourceTree = "<group>"; };
		49EBF23B1BBB4D9E00C67162 /* Main.storyboard */ = {isa = PBXFileReference; fileEncoding = 4; lastKnownFileType = file.storyboard; path = Main.storyboard; sourceTree = "<group>"; };
		49EBF23D1BBB4DB300C67162 /* WhitelistViewController.swift */ = {isa = PBXFileReference; fileEncoding = 4; lastKnownFileType = sourcecode.swift; path = WhitelistViewController.swift; sourceTree = "<group>"; };
		49EBF23F1BBB4DD100C67162 /* AppDelegate.swift */ = {isa = PBXFileReference; fileEncoding = 4; lastKnownFileType = sourcecode.swift; path = AppDelegate.swift; sourceTree = "<group>"; };
		49EBF2451BBB4DF600C67162 /* OpenAdBlockContentBlocker.appex */ = {isa = PBXFileReference; explicitFileType = "wrapper.app-extension"; includeInIndex = 0; path = OpenAdBlockContentBlocker.appex; sourceTree = BUILT_PRODUCTS_DIR; };
		49EBF24B1BBB4DF600C67162 /* Info.plist */ = {isa = PBXFileReference; lastKnownFileType = text.plist.xml; path = Info.plist; sourceTree = "<group>"; };
		49EBF2531BBB4E1500C67162 /* ActionRequestHandler.swift */ = {isa = PBXFileReference; fileEncoding = 4; lastKnownFileType = sourcecode.swift; path = ActionRequestHandler.swift; sourceTree = "<group>"; };
		49EBF2541BBB4E1500C67162 /* Default.json */ = {isa = PBXFileReference; fileEncoding = 4; lastKnownFileType = text.json; path = Default.json; sourceTree = "<group>"; };
/* End PBXFileReference section */

/* Begin PBXFrameworksBuildPhase section */
		49EBF1FB1BBB4CFC00C67162 /* Frameworks */ = {
			isa = PBXFrameworksBuildPhase;
			buildActionMask = 2147483647;
			files = (
			);
			runOnlyForDeploymentPostprocessing = 0;
		};
		49EBF20F1BBB4CFD00C67162 /* Frameworks */ = {
			isa = PBXFrameworksBuildPhase;
			buildActionMask = 2147483647;
			files = (
			);
			runOnlyForDeploymentPostprocessing = 0;
		};
		49EBF21A1BBB4CFD00C67162 /* Frameworks */ = {
			isa = PBXFrameworksBuildPhase;
			buildActionMask = 2147483647;
			files = (
			);
			runOnlyForDeploymentPostprocessing = 0;
		};
		49EBF2421BBB4DF600C67162 /* Frameworks */ = {
			isa = PBXFrameworksBuildPhase;
			buildActionMask = 2147483647;
			files = (
			);
			runOnlyForDeploymentPostprocessing = 0;
		};
/* End PBXFrameworksBuildPhase section */

/* Begin PBXGroup section */
		49EBF1F51BBB4CFC00C67162 = {
			isa = PBXGroup;
			children = (
				49EBF2001BBB4CFD00C67162 /* OpenAdBlock */,
				49EBF2151BBB4CFD00C67162 /* OpenAdBlockTests */,
				49EBF2201BBB4CFD00C67162 /* OpenAdBlockUITests */,
				49EBF2461BBB4DF600C67162 /* OpenAdBlockContentBlocker */,
				49EBF1FF1BBB4CFD00C67162 /* Products */,
			);
			sourceTree = "<group>";
		};
		49EBF1FF1BBB4CFD00C67162 /* Products */ = {
			isa = PBXGroup;
			children = (
				49EBF1FE1BBB4CFD00C67162 /* OpenAdBlock.app */,
				49EBF2121BBB4CFD00C67162 /* OpenAdBlockTests.xctest */,
				49EBF21D1BBB4CFD00C67162 /* OpenAdBlockUITests.xctest */,
				49EBF2451BBB4DF600C67162 /* OpenAdBlockContentBlocker.appex */,
			);
			name = Products;
			sourceTree = "<group>";
		};
		49EBF2001BBB4CFD00C67162 /* OpenAdBlock */ = {
			isa = PBXGroup;
			children = (
				49EBF22F1BBB4D3600C67162 /* AboutViewController.swift */,
				49EBF2311BBB4D4500C67162 /* AdBlocker.swift */,
				49EBF23F1BBB4DD100C67162 /* AppDelegate.swift */,
				49EBF2391BBB4D8200C67162 /* SettingsViewController.swift */,
				49EBF23D1BBB4DB300C67162 /* WhitelistViewController.swift */,
				49EBF23B1BBB4D9E00C67162 /* Main.storyboard */,
				49EBF20A1BBB4CFD00C67162 /* LaunchScreen.storyboard */,
				49EBF2371BBB4D7300C67162 /* Assets.xcassets */,
				49EBF20D1BBB4CFD00C67162 /* Info.plist */,
			);
			path = OpenAdBlock;
			sourceTree = "<group>";
		};
		49EBF2151BBB4CFD00C67162 /* OpenAdBlockTests */ = {
			isa = PBXGroup;
			children = (
				49EBF2161BBB4CFD00C67162 /* OpenAdBlockTests.swift */,
				49EBF2181BBB4CFD00C67162 /* Info.plist */,
			);
			path = OpenAdBlockTests;
			sourceTree = "<group>";
		};
		49EBF2201BBB4CFD00C67162 /* OpenAdBlockUITests */ = {
			isa = PBXGroup;
			children = (
				49EBF2211BBB4CFD00C67162 /* OpenAdBlockUITests.swift */,
				49EBF2231BBB4CFD00C67162 /* Info.plist */,
			);
			path = OpenAdBlockUITests;
			sourceTree = "<group>";
		};
		49EBF2461BBB4DF600C67162 /* OpenAdBlockContentBlocker */ = {
			isa = PBXGroup;
			children = (
				49EBF2541BBB4E1500C67162 /* Default.json */,
				49EBF2531BBB4E1500C67162 /* ActionRequestHandler.swift */,
				49EBF24B1BBB4DF600C67162 /* Info.plist */,
			);
			path = OpenAdBlockContentBlocker;
			sourceTree = "<group>";
		};
/* End PBXGroup section */

/* Begin PBXNativeTarget section */
		49EBF1FD1BBB4CFC00C67162 /* OpenAdBlock */ = {
			isa = PBXNativeTarget;
			buildConfigurationList = 49EBF2261BBB4CFD00C67162 /* Build configuration list for PBXNativeTarget "OpenAdBlock" */;
			buildPhases = (
				49EBF1FA1BBB4CFC00C67162 /* Sources */,
				49EBF1FB1BBB4CFC00C67162 /* Frameworks */,
				49EBF1FC1BBB4CFC00C67162 /* Resources */,
				49EBF2521BBB4DF600C67162 /* Embed App Extensions */,
			);
			buildRules = (
			);
			dependencies = (
				49EBF24D1BBB4DF600C67162 /* PBXTargetDependency */,
			);
			name = OpenAdBlock;
			productName = OpenAdBlock;
			productReference = 49EBF1FE1BBB4CFD00C67162 /* OpenAdBlock.app */;
			productType = "com.apple.product-type.application";
		};
		49EBF2111BBB4CFD00C67162 /* OpenAdBlockTests */ = {
			isa = PBXNativeTarget;
			buildConfigurationList = 49EBF2291BBB4CFD00C67162 /* Build configuration list for PBXNativeTarget "OpenAdBlockTests" */;
			buildPhases = (
				49EBF20E1BBB4CFD00C67162 /* Sources */,
				49EBF20F1BBB4CFD00C67162 /* Frameworks */,
				49EBF2101BBB4CFD00C67162 /* Resources */,
			);
			buildRules = (
			);
			dependencies = (
				49EBF2141BBB4CFD00C67162 /* PBXTargetDependency */,
			);
			name = OpenAdBlockTests;
			productName = OpenAdBlockTests;
			productReference = 49EBF2121BBB4CFD00C67162 /* OpenAdBlockTests.xctest */;
			productType = "com.apple.product-type.bundle.unit-test";
		};
		49EBF21C1BBB4CFD00C67162 /* OpenAdBlockUITests */ = {
			isa = PBXNativeTarget;
			buildConfigurationList = 49EBF22C1BBB4CFD00C67162 /* Build configuration list for PBXNativeTarget "OpenAdBlockUITests" */;
			buildPhases = (
				49EBF2191BBB4CFD00C67162 /* Sources */,
				49EBF21A1BBB4CFD00C67162 /* Frameworks */,
				49EBF21B1BBB4CFD00C67162 /* Resources */,
			);
			buildRules = (
			);
			dependencies = (
				49EBF21F1BBB4CFD00C67162 /* PBXTargetDependency */,
			);
			name = OpenAdBlockUITests;
			productName = OpenAdBlockUITests;
			productReference = 49EBF21D1BBB4CFD00C67162 /* OpenAdBlockUITests.xctest */;
			productType = "com.apple.product-type.bundle.ui-testing";
		};
		49EBF2441BBB4DF600C67162 /* OpenAdBlockContentBlocker */ = {
			isa = PBXNativeTarget;
			buildConfigurationList = 49EBF24F1BBB4DF600C67162 /* Build configuration list for PBXNativeTarget "OpenAdBlockContentBlocker" */;
			buildPhases = (
				49EBF2411BBB4DF600C67162 /* Sources */,
				49EBF2421BBB4DF600C67162 /* Frameworks */,
				49EBF2431BBB4DF600C67162 /* Resources */,
			);
			buildRules = (
			);
			dependencies = (
			);
			name = OpenAdBlockContentBlocker;
			productName = OpenAdBlockContentBlocker;
			productReference = 49EBF2451BBB4DF600C67162 /* OpenAdBlockContentBlocker.appex */;
			productType = "com.apple.product-type.app-extension";
		};
/* End PBXNativeTarget section */

/* Begin PBXProject section */
		49EBF1F61BBB4CFC00C67162 /* Project object */ = {
			isa = PBXProject;
			attributes = {
				LastUpgradeCheck = 0710;
				ORGANIZATIONNAME = "OpenAdblock Team";
				TargetAttributes = {
					49EBF1FD1BBB4CFC00C67162 = {
						CreatedOnToolsVersion = 7.1;
						DevelopmentTeam = X4A9GH5NN2;
					};
					49EBF2111BBB4CFD00C67162 = {
						CreatedOnToolsVersion = 7.1;
						DevelopmentTeam = X4A9GH5NN2;
						TestTargetID = 49EBF1FD1BBB4CFC00C67162;
					};
					49EBF21C1BBB4CFD00C67162 = {
						CreatedOnToolsVersion = 7.1;
						DevelopmentTeam = X4A9GH5NN2;
						TestTargetID = 49EBF1FD1BBB4CFC00C67162;
					};
					49EBF2441BBB4DF600C67162 = {
						CreatedOnToolsVersion = 7.1;
						DevelopmentTeam = X4A9GH5NN2;
					};
				};
			};
			buildConfigurationList = 49EBF1F91BBB4CFC00C67162 /* Build configuration list for PBXProject "OpenAdBlock" */;
			compatibilityVersion = "Xcode 3.2";
			developmentRegion = English;
			hasScannedForEncodings = 0;
			knownRegions = (
				en,
				Base,
			);
			mainGroup = 49EBF1F51BBB4CFC00C67162;
			productRefGroup = 49EBF1FF1BBB4CFD00C67162 /* Products */;
			projectDirPath = "";
			projectRoot = "";
			targets = (
				49EBF1FD1BBB4CFC00C67162 /* OpenAdBlock */,
				49EBF2111BBB4CFD00C67162 /* OpenAdBlockTests */,
				49EBF21C1BBB4CFD00C67162 /* OpenAdBlockUITests */,
				49EBF2441BBB4DF600C67162 /* OpenAdBlockContentBlocker */,
			);
		};
/* End PBXProject section */

/* Begin PBXResourcesBuildPhase section */
		49EBF1FC1BBB4CFC00C67162 /* Resources */ = {
			isa = PBXResourcesBuildPhase;
			buildActionMask = 2147483647;
			files = (
				49EBF20C1BBB4CFD00C67162 /* LaunchScreen.storyboard in Resources */,
				49EBF2381BBB4D7300C67162 /* Assets.xcassets in Resources */,
				4982FE1C1BBB4FAF00C52ABE /* Default.json in Resources */,
				49EBF23C1BBB4D9E00C67162 /* Main.storyboard in Resources */,
			);
			runOnlyForDeploymentPostprocessing = 0;
		};
		49EBF2101BBB4CFD00C67162 /* Resources */ = {
			isa = PBXResourcesBuildPhase;
			buildActionMask = 2147483647;
			files = (
			);
			runOnlyForDeploymentPostprocessing = 0;
		};
		49EBF21B1BBB4CFD00C67162 /* Resources */ = {
			isa = PBXResourcesBuildPhase;
			buildActionMask = 2147483647;
			files = (
			);
			runOnlyForDeploymentPostprocessing = 0;
		};
		49EBF2431BBB4DF600C67162 /* Resources */ = {
			isa = PBXResourcesBuildPhase;
			buildActionMask = 2147483647;
			files = (
				49EBF2561BBB4E1500C67162 /* Default.json in Resources */,
			);
			runOnlyForDeploymentPostprocessing = 0;
		};
/* End PBXResourcesBuildPhase section */

/* Begin PBXSourcesBuildPhase section */
		49EBF1FA1BBB4CFC00C67162 /* Sources */ = {
			isa = PBXSourcesBuildPhase;
			buildActionMask = 2147483647;
			files = (
				49EBF2401BBB4DD100C67162 /* AppDelegate.swift in Sources */,
				49EBF2301BBB4D3600C67162 /* AboutViewController.swift in Sources */,
				49EBF2321BBB4D4500C67162 /* AdBlocker.swift in Sources */,
				49EBF23A1BBB4D8200C67162 /* SettingsViewController.swift in Sources */,
				49EBF23E1BBB4DB300C67162 /* WhitelistViewController.swift in Sources */,
			);
			runOnlyForDeploymentPostprocessing = 0;
		};
		49EBF20E1BBB4CFD00C67162 /* Sources */ = {
			isa = PBXSourcesBuildPhase;
			buildActionMask = 2147483647;
			files = (
				49EBF2171BBB4CFD00C67162 /* OpenAdBlockTests.swift in Sources */,
			);
			runOnlyForDeploymentPostprocessing = 0;
		};
		49EBF2191BBB4CFD00C67162 /* Sources */ = {
			isa = PBXSourcesBuildPhase;
			buildActionMask = 2147483647;
			files = (
				49EBF2221BBB4CFD00C67162 /* OpenAdBlockUITests.swift in Sources */,
			);
			runOnlyForDeploymentPostprocessing = 0;
		};
		49EBF2411BBB4DF600C67162 /* Sources */ = {
			isa = PBXSourcesBuildPhase;
			buildActionMask = 2147483647;
			files = (
				49EBF2551BBB4E1500C67162 /* ActionRequestHandler.swift in Sources */,
			);
			runOnlyForDeploymentPostprocessing = 0;
		};
/* End PBXSourcesBuildPhase section */

/* Begin PBXTargetDependency section */
		49EBF2141BBB4CFD00C67162 /* PBXTargetDependency */ = {
			isa = PBXTargetDependency;
			target = 49EBF1FD1BBB4CFC00C67162 /* OpenAdBlock */;
			targetProxy = 49EBF2131BBB4CFD00C67162 /* PBXContainerItemProxy */;
		};
		49EBF21F1BBB4CFD00C67162 /* PBXTargetDependency */ = {
			isa = PBXTargetDependency;
			target = 49EBF1FD1BBB4CFC00C67162 /* OpenAdBlock */;
			targetProxy = 49EBF21E1BBB4CFD00C67162 /* PBXContainerItemProxy */;
		};
		49EBF24D1BBB4DF600C67162 /* PBXTargetDependency */ = {
			isa = PBXTargetDependency;
			target = 49EBF2441BBB4DF600C67162 /* OpenAdBlockContentBlocker */;
			targetProxy = 49EBF24C1BBB4DF600C67162 /* PBXContainerItemProxy */;
		};
/* End PBXTargetDependency section */

/* Begin PBXVariantGroup section */
		49EBF20A1BBB4CFD00C67162 /* LaunchScreen.storyboard */ = {
			isa = PBXVariantGroup;
			children = (
				49EBF20B1BBB4CFD00C67162 /* Base */,
			);
			name = LaunchScreen.storyboard;
			sourceTree = "<group>";
		};
/* End PBXVariantGroup section */

/* Begin XCBuildConfiguration section */
		49EBF2241BBB4CFD00C67162 /* Debug */ = {
			isa = XCBuildConfiguration;
			buildSettings = {
				ALWAYS_SEARCH_USER_PATHS = NO;
				CLANG_CXX_LANGUAGE_STANDARD = "gnu++0x";
				CLANG_CXX_LIBRARY = "libc++";
				CLANG_ENABLE_MODULES = YES;
				CLANG_ENABLE_OBJC_ARC = YES;
				CLANG_WARN_BOOL_CONVERSION = YES;
				CLANG_WARN_CONSTANT_CONVERSION = YES;
				CLANG_WARN_DIRECT_OBJC_ISA_USAGE = YES_ERROR;
				CLANG_WARN_EMPTY_BODY = YES;
				CLANG_WARN_ENUM_CONVERSION = YES;
				CLANG_WARN_INT_CONVERSION = YES;
				CLANG_WARN_OBJC_ROOT_CLASS = YES_ERROR;
				CLANG_WARN_UNREACHABLE_CODE = YES;
				CLANG_WARN__DUPLICATE_METHOD_MATCH = YES;
				"CODE_SIGN_IDENTITY[sdk=iphoneos*]" = "iPhone Developer";
				COPY_PHASE_STRIP = NO;
				DEBUG_INFORMATION_FORMAT = dwarf;
				ENABLE_STRICT_OBJC_MSGSEND = YES;
				ENABLE_TESTABILITY = YES;
				GCC_C_LANGUAGE_STANDARD = gnu99;
				GCC_DYNAMIC_NO_PIC = NO;
				GCC_NO_COMMON_BLOCKS = YES;
				GCC_OPTIMIZATION_LEVEL = 0;
				GCC_PREPROCESSOR_DEFINITIONS = (
					"DEBUG=1",
					"$(inherited)",
				);
				GCC_WARN_64_TO_32_BIT_CONVERSION = YES;
				GCC_WARN_ABOUT_RETURN_TYPE = YES_ERROR;
				GCC_WARN_UNDECLARED_SELECTOR = YES;
				GCC_WARN_UNINITIALIZED_AUTOS = YES_AGGRESSIVE;
				GCC_WARN_UNUSED_FUNCTION = YES;
				GCC_WARN_UNUSED_VARIABLE = YES;
				IPHONEOS_DEPLOYMENT_TARGET = 9.1;
				MTL_ENABLE_DEBUG_INFO = YES;
				ONLY_ACTIVE_ARCH = YES;
				SDKROOT = iphoneos;
				SWIFT_OPTIMIZATION_LEVEL = "-Onone";
				TARGETED_DEVICE_FAMILY = "1,2";
			};
			name = Debug;
		};
		49EBF2251BBB4CFD00C67162 /* Release */ = {
			isa = XCBuildConfiguration;
			buildSettings = {
				ALWAYS_SEARCH_USER_PATHS = NO;
				CLANG_CXX_LANGUAGE_STANDARD = "gnu++0x";
				CLANG_CXX_LIBRARY = "libc++";
				CLANG_ENABLE_MODULES = YES;
				CLANG_ENABLE_OBJC_ARC = YES;
				CLANG_WARN_BOOL_CONVERSION = YES;
				CLANG_WARN_CONSTANT_CONVERSION = YES;
				CLANG_WARN_DIRECT_OBJC_ISA_USAGE = YES_ERROR;
				CLANG_WARN_EMPTY_BODY = YES;
				CLANG_WARN_ENUM_CONVERSION = YES;
				CLANG_WARN_INT_CONVERSION = YES;
				CLANG_WARN_OBJC_ROOT_CLASS = YES_ERROR;
				CLANG_WARN_UNREACHABLE_CODE = YES;
				CLANG_WARN__DUPLICATE_METHOD_MATCH = YES;
				"CODE_SIGN_IDENTITY[sdk=iphoneos*]" = "iPhone Developer";
				COPY_PHASE_STRIP = NO;
				DEBUG_INFORMATION_FORMAT = "dwarf-with-dsym";
				ENABLE_NS_ASSERTIONS = NO;
				ENABLE_STRICT_OBJC_MSGSEND = YES;
				GCC_C_LANGUAGE_STANDARD = gnu99;
				GCC_NO_COMMON_BLOCKS = YES;
				GCC_WARN_64_TO_32_BIT_CONVERSION = YES;
				GCC_WARN_ABOUT_RETURN_TYPE = YES_ERROR;
				GCC_WARN_UNDECLARED_SELECTOR = YES;
				GCC_WARN_UNINITIALIZED_AUTOS = YES_AGGRESSIVE;
				GCC_WARN_UNUSED_FUNCTION = YES;
				GCC_WARN_UNUSED_VARIABLE = YES;
				IPHONEOS_DEPLOYMENT_TARGET = 9.1;
				MTL_ENABLE_DEBUG_INFO = NO;
				SDKROOT = iphoneos;
				TARGETED_DEVICE_FAMILY = "1,2";
				VALIDATE_PRODUCT = YES;
			};
			name = Release;
		};
		49EBF2271BBB4CFD00C67162 /* Debug */ = {
			isa = XCBuildConfiguration;
			buildSettings = {
				ASSETCATALOG_COMPILER_APPICON_NAME = AppIcon;
				EMBEDDED_CONTENT_CONTAINS_SWIFT = YES;
				INFOPLIST_FILE = OpenAdBlock/Info.plist;
				LD_RUNPATH_SEARCH_PATHS = "$(inherited) @executable_path/Frameworks";
				PRODUCT_BUNDLE_IDENTIFIER = saagarjha.org.openadblock.OpenAdBlock;
				PRODUCT_NAME = "$(TARGET_NAME)";
			};
			name = Debug;
		};
		49EBF2281BBB4CFD00C67162 /* Release */ = {
			isa = XCBuildConfiguration;
			buildSettings = {
				ASSETCATALOG_COMPILER_APPICON_NAME = AppIcon;
				EMBEDDED_CONTENT_CONTAINS_SWIFT = YES;
				INFOPLIST_FILE = OpenAdBlock/Info.plist;
				LD_RUNPATH_SEARCH_PATHS = "$(inherited) @executable_path/Frameworks";
				PRODUCT_BUNDLE_IDENTIFIER = saagarjha.org.openadblock.OpenAdBlock;
				PRODUCT_NAME = "$(TARGET_NAME)";
			};
			name = Release;
		};
		49EBF22A1BBB4CFD00C67162 /* Debug */ = {
			isa = XCBuildConfiguration;
			buildSettings = {
				BUNDLE_LOADER = "$(TEST_HOST)";
				INFOPLIST_FILE = OpenAdBlockTests/Info.plist;
				LD_RUNPATH_SEARCH_PATHS = "$(inherited) @executable_path/Frameworks @loader_path/Frameworks";
				PRODUCT_BUNDLE_IDENTIFIER = org.openadblock.OpenAdBlockTests;
				PRODUCT_NAME = "$(TARGET_NAME)";
				TEST_HOST = "$(BUILT_PRODUCTS_DIR)/OpenAdBlock.app/OpenAdBlock";
			};
			name = Debug;
		};
		49EBF22B1BBB4CFD00C67162 /* Release */ = {
			isa = XCBuildConfiguration;
			buildSettings = {
				BUNDLE_LOADER = "$(TEST_HOST)";
				INFOPLIST_FILE = OpenAdBlockTests/Info.plist;
				LD_RUNPATH_SEARCH_PATHS = "$(inherited) @executable_path/Frameworks @loader_path/Frameworks";
				PRODUCT_BUNDLE_IDENTIFIER = org.openadblock.OpenAdBlockTests;
				PRODUCT_NAME = "$(TARGET_NAME)";
				TEST_HOST = "$(BUILT_PRODUCTS_DIR)/OpenAdBlock.app/OpenAdBlock";
			};
			name = Release;
		};
		49EBF22D1BBB4CFD00C67162 /* Debug */ = {
			isa = XCBuildConfiguration;
			buildSettings = {
				INFOPLIST_FILE = OpenAdBlockUITests/Info.plist;
				LD_RUNPATH_SEARCH_PATHS = "$(inherited) @executable_path/Frameworks @loader_path/Frameworks";
				PRODUCT_BUNDLE_IDENTIFIER = org.openadblock.OpenAdBlockUITests;
				PRODUCT_NAME = "$(TARGET_NAME)";
				TEST_TARGET_NAME = OpenAdBlock;
				USES_XCTRUNNER = YES;
			};
			name = Debug;
		};
		49EBF22E1BBB4CFD00C67162 /* Release */ = {
			isa = XCBuildConfiguration;
			buildSettings = {
				INFOPLIST_FILE = OpenAdBlockUITests/Info.plist;
				LD_RUNPATH_SEARCH_PATHS = "$(inherited) @executable_path/Frameworks @loader_path/Frameworks";
				PRODUCT_BUNDLE_IDENTIFIER = org.openadblock.OpenAdBlockUITests;
				PRODUCT_NAME = "$(TARGET_NAME)";
				TEST_TARGET_NAME = OpenAdBlock;
				USES_XCTRUNNER = YES;
			};
			name = Release;
		};
		49EBF2501BBB4DF600C67162 /* Debug */ = {
			isa = XCBuildConfiguration;
			buildSettings = {
				ARCHS = "$(ARCHS_STANDARD_64_BIT)";
				CLANG_ENABLE_MODULES = YES;
				INFOPLIST_FILE = OpenAdBlockContentBlocker/Info.plist;
				LD_RUNPATH_SEARCH_PATHS = "$(inherited) @executable_path/Frameworks @executable_path/../../Frameworks";
				PRODUCT_BUNDLE_IDENTIFIER = saagarjha.org.openadblock.OpenAdBlock.OpenAdBlockContentBlocker;
				PRODUCT_NAME = "$(TARGET_NAME)";
				SKIP_INSTALL = YES;
				SWIFT_OPTIMIZATION_LEVEL = "-Onone";
			};
			name = Debug;
		};
		49EBF2511BBB4DF600C67162 /* Release */ = {
			isa = XCBuildConfiguration;
			buildSettings = {
				ARCHS = "$(ARCHS_STANDARD_64_BIT)";
				CLANG_ENABLE_MODULES = YES;
				INFOPLIST_FILE = OpenAdBlockContentBlocker/Info.plist;
				LD_RUNPATH_SEARCH_PATHS = "$(inherited) @executable_path/Frameworks @executable_path/../../Frameworks";
				PRODUCT_BUNDLE_IDENTIFIER = saagarjha.org.openadblock.OpenAdBlock.OpenAdBlockContentBlocker;
				PRODUCT_NAME = "$(TARGET_NAME)";
				SKIP_INSTALL = YES;
			};
			name = Release;
		};
/* End XCBuildConfiguration section */

/* Begin XCConfigurationList section */
		49EBF1F91BBB4CFC00C67162 /* Build configuration list for PBXProject "OpenAdBlock" */ = {
			isa = XCConfigurationList;
			buildConfigurations = (
				49EBF2241BBB4CFD00C67162 /* Debug */,
				49EBF2251BBB4CFD00C67162 /* Release */,
			);
			defaultConfigurationIsVisible = 0;
			defaultConfigurationName = Release;
		};
		49EBF2261BBB4CFD00C67162 /* Build configuration list for PBXNativeTarget "OpenAdBlock" */ = {
			isa = XCConfigurationList;
			buildConfigurations = (
				49EBF2271BBB4CFD00C67162 /* Debug */,
				49EBF2281BBB4CFD00C67162 /* Release */,
			);
			defaultConfigurationIsVisible = 0;
			defaultConfigurationName = Release;
		};
		49EBF2291BBB4CFD00C67162 /* Build configuration list for PBXNativeTarget "OpenAdBlockTests" */ = {
			isa = XCConfigurationList;
			buildConfigurations = (
				49EBF22A1BBB4CFD00C67162 /* Debug */,
				49EBF22B1BBB4CFD00C67162 /* Release */,
			);
			defaultConfigurationIsVisible = 0;
			defaultConfigurationName = Release;
		};
		49EBF22C1BBB4CFD00C67162 /* Build configuration list for PBXNativeTarget "OpenAdBlockUITests" */ = {
			isa = XCConfigurationList;
			buildConfigurations = (
				49EBF22D1BBB4CFD00C67162 /* Debug */,
				49EBF22E1BBB4CFD00C67162 /* Release */,
			);
			defaultConfigurationIsVisible = 0;
			defaultConfigurationName = Release;
		};
		49EBF24F1BBB4DF600C67162 /* Build configuration list for PBXNativeTarget "OpenAdBlockContentBlocker" */ = {
			isa = XCConfigurationList;
			buildConfigurations = (
				49EBF2501BBB4DF600C67162 /* Debug */,
				49EBF2511BBB4DF600C67162 /* Release */,
			);
			defaultConfigurationIsVisible = 0;
			defaultConfigurationName = Release;
		};
/* End XCConfigurationList section */
	};
	rootObject = 49EBF1F61BBB4CFC00C67162 /* Project object */;
}
